// !$*UTF8*$!
{
	archiveVersion = 1;
	classes = {
	};
	objectVersion = 56;
	objects = {

/* Begin PBXBuildFile section */
		C610C6622BB2F9E000866482 /* BottomTrailingButton.swift in Sources */ = {isa = PBXBuildFile; fileRef = C610C6612BB2F9E000866482 /* BottomTrailingButton.swift */; };
		C610C6642BB31CB500866482 /* RegisterNotificationView.swift in Sources */ = {isa = PBXBuildFile; fileRef = C610C6632BB31CB500866482 /* RegisterNotificationView.swift */; };
		C610C6662BB31E5500866482 /* RegisteredNotification.swift in Sources */ = {isa = PBXBuildFile; fileRef = C610C6652BB31E5500866482 /* RegisteredNotification.swift */; };
		C61678E92B9ADDC900245FC5 /* keepInTouchApp.swift in Sources */ = {isa = PBXBuildFile; fileRef = C61678E82B9ADDC900245FC5 /* keepInTouchApp.swift */; };
		C61678EB2B9ADDC900245FC5 /* HomeView.swift in Sources */ = {isa = PBXBuildFile; fileRef = C61678EA2B9ADDC900245FC5 /* HomeView.swift */; };
		C61678ED2B9ADDCC00245FC5 /* Assets.xcassets in Resources */ = {isa = PBXBuildFile; fileRef = C61678EC2B9ADDCC00245FC5 /* Assets.xcassets */; };
		C61678F02B9ADDCC00245FC5 /* Preview Assets.xcassets in Resources */ = {isa = PBXBuildFile; fileRef = C61678EF2B9ADDCC00245FC5 /* Preview Assets.xcassets */; };
		C61679052B9C2B2500245FC5 /* Extention-Color.swift in Sources */ = {isa = PBXBuildFile; fileRef = C61679042B9C2B2500245FC5 /* Extention-Color.swift */; };
		C61679092B9C315300245FC5 /* Colors.xcassets in Resources */ = {isa = PBXBuildFile; fileRef = C61679082B9C315300245FC5 /* Colors.xcassets */; };
		C63CA9642BA9B06A003809F3 /* ContactRow.swift in Sources */ = {isa = PBXBuildFile; fileRef = C63CA9632BA9B06A003809F3 /* ContactRow.swift */; };
		C63CA9662BA9B11F003809F3 /* Extention-Contact.swift in Sources */ = {isa = PBXBuildFile; fileRef = C63CA9652BA9B11F003809F3 /* Extention-Contact.swift */; };
		C65DF6812BB407E6001E02D3 /* SelectContactView.swift in Sources */ = {isa = PBXBuildFile; fileRef = C65DF6802BB407E6001E02D3 /* SelectContactView.swift */; };
		C67D9ABD2BBBD3610082F1D8 /* ReigsterContactRow.swift in Sources */ = {isa = PBXBuildFile; fileRef = C67D9ABC2BBBD3610082F1D8 /* ReigsterContactRow.swift */; };
		C685E2D12BB040F20055ADBE /* Extension-KeyboardHide.swift in Sources */ = {isa = PBXBuildFile; fileRef = C685E2D02BB040F20055ADBE /* Extension-KeyboardHide.swift */; };
		C685E2D32BB044550055ADBE /* ContactDataRow.swift in Sources */ = {isa = PBXBuildFile; fileRef = C685E2D22BB044550055ADBE /* ContactDataRow.swift */; };
		C685E2D72BB045B30055ADBE /* KeepInTouchSettingRow.swift in Sources */ = {isa = PBXBuildFile; fileRef = C685E2D62BB045B30055ADBE /* KeepInTouchSettingRow.swift */; };
		C685E2D92BB045DB0055ADBE /* ProfileRow.swift in Sources */ = {isa = PBXBuildFile; fileRef = C685E2D82BB045DB0055ADBE /* ProfileRow.swift */; };
		C685E2DD2BB046A80055ADBE /* TitleBarRow.swift in Sources */ = {isa = PBXBuildFile; fileRef = C685E2DC2BB046A80055ADBE /* TitleBarRow.swift */; };
		C685E2DF2BB046EA0055ADBE /* ContactSectionRow.swift in Sources */ = {isa = PBXBuildFile; fileRef = C685E2DE2BB046EA0055ADBE /* ContactSectionRow.swift */; };
		C685E2E52BB0546F0055ADBE /* Extension-NavigationSwipeBack.swift in Sources */ = {isa = PBXBuildFile; fileRef = C685E2E42BB0546F0055ADBE /* Extension-NavigationSwipeBack.swift */; };
		C6C1489A2BB28DCA0096BEE1 /* CurrentNotification.swift in Sources */ = {isa = PBXBuildFile; fileRef = C6C148992BB28DCA0096BEE1 /* CurrentNotification.swift */; };
		C6C1489C2BB291A60096BEE1 /* NotiContactsRow.swift in Sources */ = {isa = PBXBuildFile; fileRef = C6C1489B2BB291A60096BEE1 /* NotiContactsRow.swift */; };
		C6C1489E2BB294500096BEE1 /* Extension-Calendar.swift in Sources */ = {isa = PBXBuildFile; fileRef = C6C1489D2BB294500096BEE1 /* Extension-Calendar.swift */; };
/* End PBXBuildFile section */

/* Begin PBXFileReference section */
		C610C6612BB2F9E000866482 /* BottomTrailingButton.swift */ = {isa = PBXFileReference; lastKnownFileType = sourcecode.swift; path = BottomTrailingButton.swift; sourceTree = "<group>"; };
		C610C6632BB31CB500866482 /* RegisterNotificationView.swift */ = {isa = PBXFileReference; lastKnownFileType = sourcecode.swift; path = RegisterNotificationView.swift; sourceTree = "<group>"; };
		C610C6652BB31E5500866482 /* RegisteredNotification.swift */ = {isa = PBXFileReference; lastKnownFileType = sourcecode.swift; path = RegisteredNotification.swift; sourceTree = "<group>"; };
		C61678E52B9ADDC900245FC5 /* keepInTouch.app */ = {isa = PBXFileReference; explicitFileType = wrapper.application; includeInIndex = 0; path = keepInTouch.app; sourceTree = BUILT_PRODUCTS_DIR; };
		C61678E82B9ADDC900245FC5 /* keepInTouchApp.swift */ = {isa = PBXFileReference; lastKnownFileType = sourcecode.swift; path = keepInTouchApp.swift; sourceTree = "<group>"; };
		C61678EA2B9ADDC900245FC5 /* HomeView.swift */ = {isa = PBXFileReference; lastKnownFileType = sourcecode.swift; path = HomeView.swift; sourceTree = "<group>"; };
		C61678EC2B9ADDCC00245FC5 /* Assets.xcassets */ = {isa = PBXFileReference; lastKnownFileType = folder.assetcatalog; path = Assets.xcassets; sourceTree = "<group>"; };
		C61678EF2B9ADDCC00245FC5 /* Preview Assets.xcassets */ = {isa = PBXFileReference; lastKnownFileType = folder.assetcatalog; path = "Preview Assets.xcassets"; sourceTree = "<group>"; };
		C61679042B9C2B2500245FC5 /* Extention-Color.swift */ = {isa = PBXFileReference; lastKnownFileType = sourcecode.swift; path = "Extention-Color.swift"; sourceTree = "<group>"; };
		C61679082B9C315300245FC5 /* Colors.xcassets */ = {isa = PBXFileReference; lastKnownFileType = folder.assetcatalog; path = Colors.xcassets; sourceTree = "<group>"; };
		C63CA9632BA9B06A003809F3 /* ContactRow.swift */ = {isa = PBXFileReference; lastKnownFileType = sourcecode.swift; path = ContactRow.swift; sourceTree = "<group>"; };
		C63CA9652BA9B11F003809F3 /* Extention-Contact.swift */ = {isa = PBXFileReference; lastKnownFileType = sourcecode.swift; path = "Extention-Contact.swift"; sourceTree = "<group>"; };
		C65DF6802BB407E6001E02D3 /* SelectContactView.swift */ = {isa = PBXFileReference; lastKnownFileType = sourcecode.swift; path = SelectContactView.swift; sourceTree = "<group>"; };
		C67D9ABC2BBBD3610082F1D8 /* ReigsterContactRow.swift */ = {isa = PBXFileReference; lastKnownFileType = sourcecode.swift; path = ReigsterContactRow.swift; sourceTree = "<group>"; };
		C685E2D02BB040F20055ADBE /* Extension-KeyboardHide.swift */ = {isa = PBXFileReference; lastKnownFileType = sourcecode.swift; path = "Extension-KeyboardHide.swift"; sourceTree = "<group>"; };
		C685E2D22BB044550055ADBE /* ContactDataRow.swift */ = {isa = PBXFileReference; lastKnownFileType = sourcecode.swift; path = ContactDataRow.swift; sourceTree = "<group>"; };
		C685E2D62BB045B30055ADBE /* KeepInTouchSettingRow.swift */ = {isa = PBXFileReference; lastKnownFileType = sourcecode.swift; path = KeepInTouchSettingRow.swift; sourceTree = "<group>"; };
		C685E2D82BB045DB0055ADBE /* ProfileRow.swift */ = {isa = PBXFileReference; lastKnownFileType = sourcecode.swift; path = ProfileRow.swift; sourceTree = "<group>"; };
		C685E2DC2BB046A80055ADBE /* TitleBarRow.swift */ = {isa = PBXFileReference; lastKnownFileType = sourcecode.swift; path = TitleBarRow.swift; sourceTree = "<group>"; };
		C685E2DE2BB046EA0055ADBE /* ContactSectionRow.swift */ = {isa = PBXFileReference; lastKnownFileType = sourcecode.swift; path = ContactSectionRow.swift; sourceTree = "<group>"; };
		C685E2E42BB0546F0055ADBE /* Extension-NavigationSwipeBack.swift */ = {isa = PBXFileReference; lastKnownFileType = sourcecode.swift; path = "Extension-NavigationSwipeBack.swift"; sourceTree = "<group>"; };
		C6C148992BB28DCA0096BEE1 /* CurrentNotification.swift */ = {isa = PBXFileReference; lastKnownFileType = sourcecode.swift; path = CurrentNotification.swift; sourceTree = "<group>"; };
		C6C1489B2BB291A60096BEE1 /* NotiContactsRow.swift */ = {isa = PBXFileReference; lastKnownFileType = sourcecode.swift; path = NotiContactsRow.swift; sourceTree = "<group>"; };
		C6C1489D2BB294500096BEE1 /* Extension-Calendar.swift */ = {isa = PBXFileReference; lastKnownFileType = sourcecode.swift; path = "Extension-Calendar.swift"; sourceTree = "<group>"; };
/* End PBXFileReference section */

/* Begin PBXFrameworksBuildPhase section */
		C61678E22B9ADDC900245FC5 /* Frameworks */ = {
			isa = PBXFrameworksBuildPhase;
			buildActionMask = 2147483647;
			files = (
			);
			runOnlyForDeploymentPostprocessing = 0;
		};
/* End PBXFrameworksBuildPhase section */

/* Begin PBXGroup section */
		C61678DC2B9ADDC900245FC5 = {
			isa = PBXGroup;
			children = (
				C61678E72B9ADDC900245FC5 /* keepInTouch */,
				C61678E62B9ADDC900245FC5 /* Products */,
			);
			sourceTree = "<group>";
		};
		C61678E62B9ADDC900245FC5 /* Products */ = {
			isa = PBXGroup;
			children = (
				C61678E52B9ADDC900245FC5 /* keepInTouch.app */,
			);
			name = Products;
			sourceTree = "<group>";
		};
		C61678E72B9ADDC900245FC5 /* keepInTouch */ = {
			isa = PBXGroup;
			children = (
				C6C148942BB28BBC0096BEE1 /* Models */,
				C61679032B9C2B0800245FC5 /* Utils */,
				C63CA9622BA9B017003809F3 /* Components */,
				C61678FE2B9C1E8700245FC5 /* View */,
				C61678E82B9ADDC900245FC5 /* keepInTouchApp.swift */,
				C61678EC2B9ADDCC00245FC5 /* Assets.xcassets */,
				C61679082B9C315300245FC5 /* Colors.xcassets */,
				C61678EE2B9ADDCC00245FC5 /* Preview Content */,
			);
			path = keepInTouch;
			sourceTree = "<group>";
		};
		C61678EE2B9ADDCC00245FC5 /* Preview Content */ = {
			isa = PBXGroup;
			children = (
				C61678EF2B9ADDCC00245FC5 /* Preview Assets.xcassets */,
			);
			path = "Preview Content";
			sourceTree = "<group>";
		};
		C61678FE2B9C1E8700245FC5 /* View */ = {
			isa = PBXGroup;
			children = (
				C61678EA2B9ADDC900245FC5 /* HomeView.swift */,
				C610C6632BB31CB500866482 /* RegisterNotificationView.swift */,
				C65DF6802BB407E6001E02D3 /* SelectContactView.swift */,
			);
			path = View;
			sourceTree = "<group>";
		};
		C61679032B9C2B0800245FC5 /* Utils */ = {
			isa = PBXGroup;
			children = (
				C61679042B9C2B2500245FC5 /* Extention-Color.swift */,
				C63CA9652BA9B11F003809F3 /* Extention-Contact.swift */,
				C685E2D02BB040F20055ADBE /* Extension-KeyboardHide.swift */,
				C685E2E42BB0546F0055ADBE /* Extension-NavigationSwipeBack.swift */,
				C6C1489D2BB294500096BEE1 /* Extension-Calendar.swift */,
			);
			path = Utils;
			sourceTree = "<group>";
		};
		C63CA9622BA9B017003809F3 /* Components */ = {
			isa = PBXGroup;
			children = (
				C610C6612BB2F9E000866482 /* BottomTrailingButton.swift */,
				C63CA9632BA9B06A003809F3 /* ContactRow.swift */,
				C67D9ABC2BBBD3610082F1D8 /* ReigsterContactRow.swift */,
				C685E2DC2BB046A80055ADBE /* TitleBarRow.swift */,
				C685E2DE2BB046EA0055ADBE /* ContactSectionRow.swift */,
				C6C1489B2BB291A60096BEE1 /* NotiContactsRow.swift */,
				C685E2DA2BB046110055ADBE /* ContactDetailComponents */,
			);
			path = Components;
			sourceTree = "<group>";
		};
		C685E2DA2BB046110055ADBE /* ContactDetailComponents */ = {
			isa = PBXGroup;
			children = (
				C685E2D62BB045B30055ADBE /* KeepInTouchSettingRow.swift */,
				C685E2D82BB045DB0055ADBE /* ProfileRow.swift */,
				C685E2D22BB044550055ADBE /* ContactDataRow.swift */,
			);
			path = ContactDetailComponents;
			sourceTree = "<group>";
		};
		C6C148942BB28BBC0096BEE1 /* Models */ = {
			isa = PBXGroup;
			children = (
				C6C148992BB28DCA0096BEE1 /* CurrentNotification.swift */,
				C610C6652BB31E5500866482 /* RegisteredNotification.swift */,
			);
			path = Models;
			sourceTree = "<group>";
		};
/* End PBXGroup section */

/* Begin PBXNativeTarget section */
		C61678E42B9ADDC900245FC5 /* keepInTouch */ = {
			isa = PBXNativeTarget;
			buildConfigurationList = C61678F32B9ADDCC00245FC5 /* Build configuration list for PBXNativeTarget "keepInTouch" */;
			buildPhases = (
				C61678E12B9ADDC900245FC5 /* Sources */,
				C61678E22B9ADDC900245FC5 /* Frameworks */,
				C61678E32B9ADDC900245FC5 /* Resources */,
			);
			buildRules = (
			);
			dependencies = (
			);
			name = keepInTouch;
			productName = keepInTouch;
			productReference = C61678E52B9ADDC900245FC5 /* keepInTouch.app */;
			productType = "com.apple.product-type.application";
		};
/* End PBXNativeTarget section */

/* Begin PBXProject section */
		C61678DD2B9ADDC900245FC5 /* Project object */ = {
			isa = PBXProject;
			attributes = {
				BuildIndependentTargetsInParallel = 1;
				LastSwiftUpdateCheck = 1520;
				LastUpgradeCheck = 1520;
				TargetAttributes = {
					C61678E42B9ADDC900245FC5 = {
						CreatedOnToolsVersion = 15.2;
					};
				};
			};
			buildConfigurationList = C61678E02B9ADDC900245FC5 /* Build configuration list for PBXProject "keepInTouch" */;
			compatibilityVersion = "Xcode 14.0";
			developmentRegion = en;
			hasScannedForEncodings = 0;
			knownRegions = (
				en,
				Base,
			);
			mainGroup = C61678DC2B9ADDC900245FC5;
			productRefGroup = C61678E62B9ADDC900245FC5 /* Products */;
			projectDirPath = "";
			projectRoot = "";
			targets = (
				C61678E42B9ADDC900245FC5 /* keepInTouch */,
			);
		};
/* End PBXProject section */

/* Begin PBXResourcesBuildPhase section */
		C61678E32B9ADDC900245FC5 /* Resources */ = {
			isa = PBXResourcesBuildPhase;
			buildActionMask = 2147483647;
			files = (
				C61679092B9C315300245FC5 /* Colors.xcassets in Resources */,
				C61678F02B9ADDCC00245FC5 /* Preview Assets.xcassets in Resources */,
				C61678ED2B9ADDCC00245FC5 /* Assets.xcassets in Resources */,
			);
			runOnlyForDeploymentPostprocessing = 0;
		};
/* End PBXResourcesBuildPhase section */

/* Begin PBXSourcesBuildPhase section */
		C61678E12B9ADDC900245FC5 /* Sources */ = {
			isa = PBXSourcesBuildPhase;
			buildActionMask = 2147483647;
			files = (
				C63CA9662BA9B11F003809F3 /* Extention-Contact.swift in Sources */,
				C6C1489E2BB294500096BEE1 /* Extension-Calendar.swift in Sources */,
				C6C1489C2BB291A60096BEE1 /* NotiContactsRow.swift in Sources */,
				C685E2DF2BB046EA0055ADBE /* ContactSectionRow.swift in Sources */,
				C685E2D12BB040F20055ADBE /* Extension-KeyboardHide.swift in Sources */,
				C6C1489A2BB28DCA0096BEE1 /* CurrentNotification.swift in Sources */,
				C685E2DD2BB046A80055ADBE /* TitleBarRow.swift in Sources */,
				C685E2D92BB045DB0055ADBE /* ProfileRow.swift in Sources */,
				C610C6642BB31CB500866482 /* RegisterNotificationView.swift in Sources */,
				C63CA9642BA9B06A003809F3 /* ContactRow.swift in Sources */,
				C685E2E52BB0546F0055ADBE /* Extension-NavigationSwipeBack.swift in Sources */,
				C61679052B9C2B2500245FC5 /* Extention-Color.swift in Sources */,
				C67D9ABD2BBBD3610082F1D8 /* ReigsterContactRow.swift in Sources */,
				C610C6622BB2F9E000866482 /* BottomTrailingButton.swift in Sources */,
				C685E2D32BB044550055ADBE /* ContactDataRow.swift in Sources */,
				C685E2D72BB045B30055ADBE /* KeepInTouchSettingRow.swift in Sources */,
				C61678EB2B9ADDC900245FC5 /* HomeView.swift in Sources */,
				C610C6662BB31E5500866482 /* RegisteredNotification.swift in Sources */,
				C65DF6812BB407E6001E02D3 /* SelectContactView.swift in Sources */,
				C61678E92B9ADDC900245FC5 /* keepInTouchApp.swift in Sources */,
			);
			runOnlyForDeploymentPostprocessing = 0;
		};
/* End PBXSourcesBuildPhase section */

/* Begin XCBuildConfiguration section */
		C61678F12B9ADDCC00245FC5 /* Debug */ = {
			isa = XCBuildConfiguration;
			buildSettings = {
				ALWAYS_SEARCH_USER_PATHS = NO;
				ASSETCATALOG_COMPILER_GENERATE_SWIFT_ASSET_SYMBOL_EXTENSIONS = YES;
				CLANG_ANALYZER_NONNULL = YES;
				CLANG_ANALYZER_NUMBER_OBJECT_CONVERSION = YES_AGGRESSIVE;
				CLANG_CXX_LANGUAGE_STANDARD = "gnu++20";
				CLANG_ENABLE_MODULES = YES;
				CLANG_ENABLE_OBJC_ARC = YES;
				CLANG_ENABLE_OBJC_WEAK = YES;
				CLANG_WARN_BLOCK_CAPTURE_AUTORELEASING = YES;
				CLANG_WARN_BOOL_CONVERSION = YES;
				CLANG_WARN_COMMA = YES;
				CLANG_WARN_CONSTANT_CONVERSION = YES;
				CLANG_WARN_DEPRECATED_OBJC_IMPLEMENTATIONS = YES;
				CLANG_WARN_DIRECT_OBJC_ISA_USAGE = YES_ERROR;
				CLANG_WARN_DOCUMENTATION_COMMENTS = YES;
				CLANG_WARN_EMPTY_BODY = YES;
				CLANG_WARN_ENUM_CONVERSION = YES;
				CLANG_WARN_INFINITE_RECURSION = YES;
				CLANG_WARN_INT_CONVERSION = YES;
				CLANG_WARN_NON_LITERAL_NULL_CONVERSION = YES;
				CLANG_WARN_OBJC_IMPLICIT_RETAIN_SELF = YES;
				CLANG_WARN_OBJC_LITERAL_CONVERSION = YES;
				CLANG_WARN_OBJC_ROOT_CLASS = YES_ERROR;
				CLANG_WARN_QUOTED_INCLUDE_IN_FRAMEWORK_HEADER = YES;
				CLANG_WARN_RANGE_LOOP_ANALYSIS = YES;
				CLANG_WARN_STRICT_PROTOTYPES = YES;
				CLANG_WARN_SUSPICIOUS_MOVE = YES;
				CLANG_WARN_UNGUARDED_AVAILABILITY = YES_AGGRESSIVE;
				CLANG_WARN_UNREACHABLE_CODE = YES;
				CLANG_WARN__DUPLICATE_METHOD_MATCH = YES;
				COPY_PHASE_STRIP = NO;
				DEBUG_INFORMATION_FORMAT = dwarf;
				ENABLE_STRICT_OBJC_MSGSEND = YES;
				ENABLE_TESTABILITY = YES;
				ENABLE_USER_SCRIPT_SANDBOXING = YES;
				GCC_C_LANGUAGE_STANDARD = gnu17;
				GCC_DYNAMIC_NO_PIC = NO;
				GCC_NO_COMMON_BLOCKS = YES;
				GCC_OPTIMIZATION_LEVEL = 0;
				GCC_PREPROCESSOR_DEFINITIONS = (
					"DEBUG=1",
					"$(inherited)",
				);
				GCC_WARN_64_TO_32_BIT_CONVERSION = YES;
				GCC_WARN_ABOUT_RETURN_TYPE = YES_ERROR;
				GCC_WARN_UNDECLARED_SELECTOR = YES;
				GCC_WARN_UNINITIALIZED_AUTOS = YES_AGGRESSIVE;
				GCC_WARN_UNUSED_FUNCTION = YES;
				GCC_WARN_UNUSED_VARIABLE = YES;
				IPHONEOS_DEPLOYMENT_TARGET = 17.2;
				LOCALIZATION_PREFERS_STRING_CATALOGS = YES;
				MTL_ENABLE_DEBUG_INFO = INCLUDE_SOURCE;
				MTL_FAST_MATH = YES;
				ONLY_ACTIVE_ARCH = YES;
				SDKROOT = iphoneos;
				SWIFT_ACTIVE_COMPILATION_CONDITIONS = "DEBUG $(inherited)";
				SWIFT_OPTIMIZATION_LEVEL = "-Onone";
			};
			name = Debug;
		};
		C61678F22B9ADDCC00245FC5 /* Release */ = {
			isa = XCBuildConfiguration;
			buildSettings = {
				ALWAYS_SEARCH_USER_PATHS = NO;
				ASSETCATALOG_COMPILER_GENERATE_SWIFT_ASSET_SYMBOL_EXTENSIONS = YES;
				CLANG_ANALYZER_NONNULL = YES;
				CLANG_ANALYZER_NUMBER_OBJECT_CONVERSION = YES_AGGRESSIVE;
				CLANG_CXX_LANGUAGE_STANDARD = "gnu++20";
				CLANG_ENABLE_MODULES = YES;
				CLANG_ENABLE_OBJC_ARC = YES;
				CLANG_ENABLE_OBJC_WEAK = YES;
				CLANG_WARN_BLOCK_CAPTURE_AUTORELEASING = YES;
				CLANG_WARN_BOOL_CONVERSION = YES;
				CLANG_WARN_COMMA = YES;
				CLANG_WARN_CONSTANT_CONVERSION = YES;
				CLANG_WARN_DEPRECATED_OBJC_IMPLEMENTATIONS = YES;
				CLANG_WARN_DIRECT_OBJC_ISA_USAGE = YES_ERROR;
				CLANG_WARN_DOCUMENTATION_COMMENTS = YES;
				CLANG_WARN_EMPTY_BODY = YES;
				CLANG_WARN_ENUM_CONVERSION = YES;
				CLANG_WARN_INFINITE_RECURSION = YES;
				CLANG_WARN_INT_CONVERSION = YES;
				CLANG_WARN_NON_LITERAL_NULL_CONVERSION = YES;
				CLANG_WARN_OBJC_IMPLICIT_RETAIN_SELF = YES;
				CLANG_WARN_OBJC_LITERAL_CONVERSION = YES;
				CLANG_WARN_OBJC_ROOT_CLASS = YES_ERROR;
				CLANG_WARN_QUOTED_INCLUDE_IN_FRAMEWORK_HEADER = YES;
				CLANG_WARN_RANGE_LOOP_ANALYSIS = YES;
				CLANG_WARN_STRICT_PROTOTYPES = YES;
				CLANG_WARN_SUSPICIOUS_MOVE = YES;
				CLANG_WARN_UNGUARDED_AVAILABILITY = YES_AGGRESSIVE;
				CLANG_WARN_UNREACHABLE_CODE = YES;
				CLANG_WARN__DUPLICATE_METHOD_MATCH = YES;
				COPY_PHASE_STRIP = NO;
				DEBUG_INFORMATION_FORMAT = "dwarf-with-dsym";
				ENABLE_NS_ASSERTIONS = NO;
				ENABLE_STRICT_OBJC_MSGSEND = YES;
				ENABLE_USER_SCRIPT_SANDBOXING = YES;
				GCC_C_LANGUAGE_STANDARD = gnu17;
				GCC_NO_COMMON_BLOCKS = YES;
				GCC_WARN_64_TO_32_BIT_CONVERSION = YES;
				GCC_WARN_ABOUT_RETURN_TYPE = YES_ERROR;
				GCC_WARN_UNDECLARED_SELECTOR = YES;
				GCC_WARN_UNINITIALIZED_AUTOS = YES_AGGRESSIVE;
				GCC_WARN_UNUSED_FUNCTION = YES;
				GCC_WARN_UNUSED_VARIABLE = YES;
				IPHONEOS_DEPLOYMENT_TARGET = 17.2;
				LOCALIZATION_PREFERS_STRING_CATALOGS = YES;
				MTL_ENABLE_DEBUG_INFO = NO;
				MTL_FAST_MATH = YES;
				SDKROOT = iphoneos;
				SWIFT_COMPILATION_MODE = wholemodule;
				VALIDATE_PRODUCT = YES;
			};
			name = Release;
		};
		C61678F42B9ADDCC00245FC5 /* Debug */ = {
			isa = XCBuildConfiguration;
			buildSettings = {
				ASSETCATALOG_COMPILER_APPICON_NAME = AppIcon;
				ASSETCATALOG_COMPILER_GLOBAL_ACCENT_COLOR_NAME = AccentColor;
				CODE_SIGN_STYLE = Automatic;
				CURRENT_PROJECT_VERSION = 1;
				DEVELOPMENT_ASSET_PATHS = "\"keepInTouch/Preview Content\"";
				DEVELOPMENT_TEAM = ZADA25JZ4A;
				ENABLE_PREVIEWS = YES;
				GENERATE_INFOPLIST_FILE = YES;
				INFOPLIST_KEY_CFBundleDisplayName = "킵인터치";
				INFOPLIST_KEY_NSContactsUsageDescription = "$(Contacts)";
				INFOPLIST_KEY_UIApplicationSceneManifest_Generation = YES;
				INFOPLIST_KEY_UIApplicationSupportsIndirectInputEvents = YES;
				INFOPLIST_KEY_UILaunchScreen_Generation = YES;
				INFOPLIST_KEY_UISupportedInterfaceOrientations_iPad = "UIInterfaceOrientationPortrait UIInterfaceOrientationPortraitUpsideDown UIInterfaceOrientationLandscapeLeft UIInterfaceOrientationLandscapeRight";
				INFOPLIST_KEY_UISupportedInterfaceOrientations_iPhone = "UIInterfaceOrientationPortrait UIInterfaceOrientationLandscapeLeft UIInterfaceOrientationLandscapeRight";
				LD_RUNPATH_SEARCH_PATHS = (
					"$(inherited)",
					"@executable_path/Frameworks",
				);
				MARKETING_VERSION = 1.0;
				PRODUCT_BUNDLE_IDENTIFIER = mycompany.keepInTouch;
				PRODUCT_NAME = "$(TARGET_NAME)";
				SWIFT_EMIT_LOC_STRINGS = YES;
				SWIFT_VERSION = 5.0;
				TARGETED_DEVICE_FAMILY = "1,2";
			};
			name = Debug;
		};
		C61678F52B9ADDCC00245FC5 /* Release */ = {
			isa = XCBuildConfiguration;
			buildSettings = {
				ASSETCATALOG_COMPILER_APPICON_NAME = AppIcon;
				ASSETCATALOG_COMPILER_GLOBAL_ACCENT_COLOR_NAME = AccentColor;
				CODE_SIGN_STYLE = Automatic;
				CURRENT_PROJECT_VERSION = 1;
				DEVELOPMENT_ASSET_PATHS = "\"keepInTouch/Preview Content\"";
				DEVELOPMENT_TEAM = ZADA25JZ4A;
				ENABLE_PREVIEWS = YES;
				GENERATE_INFOPLIST_FILE = YES;
				INFOPLIST_KEY_CFBundleDisplayName = "킵인터치";
				INFOPLIST_KEY_NSContactsUsageDescription = "$(Contacts)";
				INFOPLIST_KEY_UIApplicationSceneManifest_Generation = YES;
				INFOPLIST_KEY_UIApplicationSupportsIndirectInputEvents = YES;
				INFOPLIST_KEY_UILaunchScreen_Generation = YES;
				INFOPLIST_KEY_UISupportedInterfaceOrientations_iPad = "UIInterfaceOrientationPortrait UIInterfaceOrientationPortraitUpsideDown UIInterfaceOrientationLandscapeLeft UIInterfaceOrientationLandscapeRight";
				INFOPLIST_KEY_UISupportedInterfaceOrientations_iPhone = "UIInterfaceOrientationPortrait UIInterfaceOrientationLandscapeLeft UIInterfaceOrientationLandscapeRight";
				LD_RUNPATH_SEARCH_PATHS = (
					"$(inherited)",
					"@executable_path/Frameworks",
				);
				MARKETING_VERSION = 1.0;
				PRODUCT_BUNDLE_IDENTIFIER = mycompany.keepInTouch;
				PRODUCT_NAME = "$(TARGET_NAME)";
				SWIFT_EMIT_LOC_STRINGS = YES;
				SWIFT_VERSION = 5.0;
				TARGETED_DEVICE_FAMILY = "1,2";
			};
			name = Release;
		};
/* End XCBuildConfiguration section */

/* Begin XCConfigurationList section */
		C61678E02B9ADDC900245FC5 /* Build configuration list for PBXProject "keepInTouch" */ = {
			isa = XCConfigurationList;
			buildConfigurations = (
				C61678F12B9ADDCC00245FC5 /* Debug */,
				C61678F22B9ADDCC00245FC5 /* Release */,
			);
			defaultConfigurationIsVisible = 0;
			defaultConfigurationName = Release;
		};
		C61678F32B9ADDCC00245FC5 /* Build configuration list for PBXNativeTarget "keepInTouch" */ = {
			isa = XCConfigurationList;
			buildConfigurations = (
				C61678F42B9ADDCC00245FC5 /* Debug */,
				C61678F52B9ADDCC00245FC5 /* Release */,
			);
			defaultConfigurationIsVisible = 0;
			defaultConfigurationName = Release;
		};
/* End XCConfigurationList section */
	};
	rootObject = C61678DD2B9ADDC900245FC5 /* Project object */;
}
